
Microsoft Visual Studio Solution File, Format Version 12.00
# Visual Studio Version 17
VisualStudioVersion = 17.7.34202.233
MinimumVisualStudioVersion = 10.0.40219.1
Project("{FAE04EC0-301F-11D3-BF4B-00C04F79EFBC}") = "Practica 20", "Practica 20.csproj", "{37E27AFB-13E9-4B48-BAB3-9446F421A94A}"
EndProject
Global
	GlobalSection(SolutionConfigurationPlatforms) = preSolution
		Debug|Any CPU = Debug|Any CPU
		Release|Any CPU = Release|Any CPU
	EndGlobalSection
	GlobalSection(ProjectConfigurationPlatforms) = postSolution
		{37E27AFB-13E9-4B48-BAB3-9446F421A94A}.Debug|Any CPU.ActiveCfg = Debug|Any CPU
		{37E27AFB-13E9-4B48-BAB3-9446F421A94A}.Debug|Any CPU.Build.0 = Debug|Any CPU
		{37E27AFB-13E9-4B48-BAB3-9446F421A94A}.Release|Any CPU.ActiveCfg = Release|Any CPU
		{37E27AFB-13E9-4B48-BAB3-9446F421A94A}.Release|Any CPU.Build.0 = Release|Any CPU
	EndGlobalSection
	GlobalSection(SolutionProperties) = preSolution
		HideSolutionNode = FALSE
	EndGlobalSection
	GlobalSection(ExtensibilityGlobals) = postSolution
		SolutionGuid = {57C48E5A-4231-491A-A036-7CAEF814C884}
	EndGlobalSection
EndGlobal
