
Microsoft Visual Studio Solution File, Format Version 12.00
# Visual Studio Version 17
VisualStudioVersion = 17.7.34202.233
MinimumVisualStudioVersion = 10.0.40219.1
Project("{FAE04EC0-301F-11D3-BF4B-00C04F79EFBC}") = "Practica 19", "Practica 19.csproj", "{C4732275-CB43-4AD3-A566-03BBC63A8855}"
EndProject
Global
	GlobalSection(SolutionConfigurationPlatforms) = preSolution
		Debug|Any CPU = Debug|Any CPU
		Release|Any CPU = Release|Any CPU
	EndGlobalSection
	GlobalSection(ProjectConfigurationPlatforms) = postSolution
		{C4732275-CB43-4AD3-A566-03BBC63A8855}.Debug|Any CPU.ActiveCfg = Debug|Any CPU
		{C4732275-CB43-4AD3-A566-03BBC63A8855}.Debug|Any CPU.Build.0 = Debug|Any CPU
		{C4732275-CB43-4AD3-A566-03BBC63A8855}.Release|Any CPU.ActiveCfg = Release|Any CPU
		{C4732275-CB43-4AD3-A566-03BBC63A8855}.Release|Any CPU.Build.0 = Release|Any CPU
	EndGlobalSection
	GlobalSection(SolutionProperties) = preSolution
		HideSolutionNode = FALSE
	EndGlobalSection
	GlobalSection(ExtensibilityGlobals) = postSolution
		SolutionGuid = {023CCE67-8A11-430D-8B6A-E19E0382CE88}
	EndGlobalSection
EndGlobal
